// !$*UTF8*$!
{
	archiveVersion = 1;
	classes = {
	};
	objectVersion = 50;
	objects = {

/* Begin PBXBuildFile section */
		7AA65F182360648400F0907C /* AppDelegate.swift in Sources */ = {isa = PBXBuildFile; fileRef = 7AA65F172360648400F0907C /* AppDelegate.swift */; };
		7AA65F1A2360648400F0907C /* SceneDelegate.swift in Sources */ = {isa = PBXBuildFile; fileRef = 7AA65F192360648400F0907C /* SceneDelegate.swift */; };
		7AA65F1C2360648400F0907C /* ViewController.swift in Sources */ = {isa = PBXBuildFile; fileRef = 7AA65F1B2360648400F0907C /* ViewController.swift */; };
		7AA65F1F2360648400F0907C /* Main.storyboard in Resources */ = {isa = PBXBuildFile; fileRef = 7AA65F1D2360648400F0907C /* Main.storyboard */; };
		7AA65F212360648600F0907C /* Assets.xcassets in Resources */ = {isa = PBXBuildFile; fileRef = 7AA65F202360648600F0907C /* Assets.xcassets */; };
		7AA65F242360648600F0907C /* LaunchScreen.storyboard in Resources */ = {isa = PBXBuildFile; fileRef = 7AA65F222360648600F0907C /* LaunchScreen.storyboard */; };
		7AA65F2F2360648600F0907C /* SampleViewControllerTests.swift in Sources */ = {isa = PBXBuildFile; fileRef = 7AA65F2E2360648600F0907C /* SampleViewControllerTests.swift */; };
		7AA65F3A2360648600F0907C /* SampleViewControllerUITests.swift in Sources */ = {isa = PBXBuildFile; fileRef = 7AA65F392360648600F0907C /* SampleViewControllerUITests.swift */; };
/* End PBXBuildFile section */

/* Begin PBXContainerItemProxy section */
		7AA65F2B2360648600F0907C /* PBXContainerItemProxy */ = {
			isa = PBXContainerItemProxy;
			containerPortal = 7AA65F0C2360648400F0907C /* Project object */;
			proxyType = 1;
			remoteGlobalIDString = 7AA65F132360648400F0907C;
			remoteInfo = SampleViewController;
		};
		7AA65F362360648600F0907C /* PBXContainerItemProxy */ = {
			isa = PBXContainerItemProxy;
			containerPortal = 7AA65F0C2360648400F0907C /* Project object */;
			proxyType = 1;
			remoteGlobalIDString = 7AA65F132360648400F0907C;
			remoteInfo = SampleViewController;
		};
/* End PBXContainerItemProxy section */

/* Begin PBXFileReference section */
		7AA65F142360648400F0907C /* SampleViewController.app */ = {isa = PBXFileReference; explicitFileType = wrapper.application; includeInIndex = 0; path = SampleViewController.app; sourceTree = BUILT_PRODUCTS_DIR; };
		7AA65F172360648400F0907C /* AppDelegate.swift */ = {isa = PBXFileReference; lastKnownFileType = sourcecode.swift; path = AppDelegate.swift; sourceTree = "<group>"; };
		7AA65F192360648400F0907C /* SceneDelegate.swift */ = {isa = PBXFileReference; lastKnownFileType = sourcecode.swift; path = SceneDelegate.swift; sourceTree = "<group>"; };
		7AA65F1B2360648400F0907C /* ViewController.swift */ = {isa = PBXFileReference; lastKnownFileType = sourcecode.swift; path = ViewController.swift; sourceTree = "<group>"; };
		7AA65F1E2360648400F0907C /* Base */ = {isa = PBXFileReference; lastKnownFileType = file.storyboard; name = Base; path = Base.lproj/Main.storyboard; sourceTree = "<group>"; };
		7AA65F202360648600F0907C /* Assets.xcassets */ = {isa = PBXFileReference; lastKnownFileType = folder.assetcatalog; path = Assets.xcassets; sourceTree = "<group>"; };
		7AA65F232360648600F0907C /* Base */ = {isa = PBXFileReference; lastKnownFileType = file.storyboard; name = Base; path = Base.lproj/LaunchScreen.storyboard; sourceTree = "<group>"; };
		7AA65F252360648600F0907C /* Info.plist */ = {isa = PBXFileReference; lastKnownFileType = text.plist.xml; path = Info.plist; sourceTree = "<group>"; };
		7AA65F2A2360648600F0907C /* SampleViewControllerTests.xctest */ = {isa = PBXFileReference; explicitFileType = wrapper.cfbundle; includeInIndex = 0; path = SampleViewControllerTests.xctest; sourceTree = BUILT_PRODUCTS_DIR; };
		7AA65F2E2360648600F0907C /* SampleViewControllerTests.swift */ = {isa = PBXFileReference; lastKnownFileType = sourcecode.swift; path = SampleViewControllerTests.swift; sourceTree = "<group>"; };
		7AA65F302360648600F0907C /* Info.plist */ = {isa = PBXFileReference; lastKnownFileType = text.plist.xml; path = Info.plist; sourceTree = "<group>"; };
		7AA65F352360648600F0907C /* SampleViewControllerUITests.xctest */ = {isa = PBXFileReference; explicitFileType = wrapper.cfbundle; includeInIndex = 0; path = SampleViewControllerUITests.xctest; sourceTree = BUILT_PRODUCTS_DIR; };
		7AA65F392360648600F0907C /* SampleViewControllerUITests.swift */ = {isa = PBXFileReference; lastKnownFileType = sourcecode.swift; path = SampleViewControllerUITests.swift; sourceTree = "<group>"; };
		7AA65F3B2360648600F0907C /* Info.plist */ = {isa = PBXFileReference; lastKnownFileType = text.plist.xml; path = Info.plist; sourceTree = "<group>"; };
/* End PBXFileReference section */

/* Begin PBXFrameworksBuildPhase section */
		7AA65F112360648400F0907C /* Frameworks */ = {
			isa = PBXFrameworksBuildPhase;
			buildActionMask = 2147483647;
			files = (
			);
			runOnlyForDeploymentPostprocessing = 0;
		};
		7AA65F272360648600F0907C /* Frameworks */ = {
			isa = PBXFrameworksBuildPhase;
			buildActionMask = 2147483647;
			files = (
			);
			runOnlyForDeploymentPostprocessing = 0;
		};
		7AA65F322360648600F0907C /* Frameworks */ = {
			isa = PBXFrameworksBuildPhase;
			buildActionMask = 2147483647;
			files = (
			);
			runOnlyForDeploymentPostprocessing = 0;
		};
/* End PBXFrameworksBuildPhase section */

/* Begin PBXGroup section */
		7AA65F0B2360648400F0907C = {
			isa = PBXGroup;
			children = (
				7AA65F162360648400F0907C /* SampleViewController */,
				7AA65F2D2360648600F0907C /* SampleViewControllerTests */,
				7AA65F382360648600F0907C /* SampleViewControllerUITests */,
				7AA65F152360648400F0907C /* Products */,
			);
			sourceTree = "<group>";
		};
		7AA65F152360648400F0907C /* Products */ = {
			isa = PBXGroup;
			children = (
				7AA65F142360648400F0907C /* SampleViewController.app */,
				7AA65F2A2360648600F0907C /* SampleViewControllerTests.xctest */,
				7AA65F352360648600F0907C /* SampleViewControllerUITests.xctest */,
			);
			name = Products;
			sourceTree = "<group>";
		};
		7AA65F162360648400F0907C /* SampleViewController */ = {
			isa = PBXGroup;
			children = (
				7AA65F172360648400F0907C /* AppDelegate.swift */,
				7AA65F192360648400F0907C /* SceneDelegate.swift */,
				7AA65F1B2360648400F0907C /* ViewController.swift */,
				7AA65F1D2360648400F0907C /* Main.storyboard */,
				7AA65F202360648600F0907C /* Assets.xcassets */,
				7AA65F222360648600F0907C /* LaunchScreen.storyboard */,
				7AA65F252360648600F0907C /* Info.plist */,
			);
			path = SampleViewController;
			sourceTree = "<group>";
		};
		7AA65F2D2360648600F0907C /* SampleViewControllerTests */ = {
			isa = PBXGroup;
			children = (
				7AA65F2E2360648600F0907C /* SampleViewControllerTests.swift */,
				7AA65F302360648600F0907C /* Info.plist */,
			);
			path = SampleViewControllerTests;
			sourceTree = "<group>";
		};
		7AA65F382360648600F0907C /* SampleViewControllerUITests */ = {
			isa = PBXGroup;
			children = (
				7AA65F392360648600F0907C /* SampleViewControllerUITests.swift */,
				7AA65F3B2360648600F0907C /* Info.plist */,
			);
			path = SampleViewControllerUITests;
			sourceTree = "<group>";
		};
/* End PBXGroup section */

/* Begin PBXNativeTarget section */
		7AA65F132360648400F0907C /* SampleViewController */ = {
			isa = PBXNativeTarget;
			buildConfigurationList = 7AA65F3E2360648600F0907C /* Build configuration list for PBXNativeTarget "SampleViewController" */;
			buildPhases = (
				7AA65F102360648400F0907C /* Sources */,
				7AA65F112360648400F0907C /* Frameworks */,
				7AA65F122360648400F0907C /* Resources */,
			);
			buildRules = (
			);
			dependencies = (
			);
			name = SampleViewController;
			productName = SampleViewController;
			productReference = 7AA65F142360648400F0907C /* SampleViewController.app */;
			productType = "com.apple.product-type.application";
		};
		7AA65F292360648600F0907C /* SampleViewControllerTests */ = {
			isa = PBXNativeTarget;
			buildConfigurationList = 7AA65F412360648600F0907C /* Build configuration list for PBXNativeTarget "SampleViewControllerTests" */;
			buildPhases = (
				7AA65F262360648600F0907C /* Sources */,
				7AA65F272360648600F0907C /* Frameworks */,
				7AA65F282360648600F0907C /* Resources */,
			);
			buildRules = (
			);
			dependencies = (
				7AA65F2C2360648600F0907C /* PBXTargetDependency */,
			);
			name = SampleViewControllerTests;
			productName = SampleViewControllerTests;
			productReference = 7AA65F2A2360648600F0907C /* SampleViewControllerTests.xctest */;
			productType = "com.apple.product-type.bundle.unit-test";
		};
		7AA65F342360648600F0907C /* SampleViewControllerUITests */ = {
			isa = PBXNativeTarget;
			buildConfigurationList = 7AA65F442360648600F0907C /* Build configuration list for PBXNativeTarget "SampleViewControllerUITests" */;
			buildPhases = (
				7AA65F312360648600F0907C /* Sources */,
				7AA65F322360648600F0907C /* Frameworks */,
				7AA65F332360648600F0907C /* Resources */,
			);
			buildRules = (
			);
			dependencies = (
				7AA65F372360648600F0907C /* PBXTargetDependency */,
			);
			name = SampleViewControllerUITests;
			productName = SampleViewControllerUITests;
			productReference = 7AA65F352360648600F0907C /* SampleViewControllerUITests.xctest */;
			productType = "com.apple.product-type.bundle.ui-testing";
		};
/* End PBXNativeTarget section */

/* Begin PBXProject section */
		7AA65F0C2360648400F0907C /* Project object */ = {
			isa = PBXProject;
			attributes = {
				LastSwiftUpdateCheck = 1110;
				LastUpgradeCheck = 1110;
				ORGANIZATIONNAME = "大渕 祐太郎";
				TargetAttributes = {
					7AA65F132360648400F0907C = {
						CreatedOnToolsVersion = 11.1;
					};
					7AA65F292360648600F0907C = {
						CreatedOnToolsVersion = 11.1;
						TestTargetID = 7AA65F132360648400F0907C;
					};
					7AA65F342360648600F0907C = {
						CreatedOnToolsVersion = 11.1;
						TestTargetID = 7AA65F132360648400F0907C;
					};
				};
			};
			buildConfigurationList = 7AA65F0F2360648400F0907C /* Build configuration list for PBXProject "SampleViewController" */;
			compatibilityVersion = "Xcode 9.3";
			developmentRegion = en;
			hasScannedForEncodings = 0;
			knownRegions = (
				en,
				Base,
			);
			mainGroup = 7AA65F0B2360648400F0907C;
			productRefGroup = 7AA65F152360648400F0907C /* Products */;
			projectDirPath = "";
			projectRoot = "";
			targets = (
				7AA65F132360648400F0907C /* SampleViewController */,
				7AA65F292360648600F0907C /* SampleViewControllerTests */,
				7AA65F342360648600F0907C /* SampleViewControllerUITests */,
			);
		};
/* End PBXProject section */

/* Begin PBXResourcesBuildPhase section */
		7AA65F122360648400F0907C /* Resources */ = {
			isa = PBXResourcesBuildPhase;
			buildActionMask = 2147483647;
			files = (
				7AA65F242360648600F0907C /* LaunchScreen.storyboard in Resources */,
				7AA65F212360648600F0907C /* Assets.xcassets in Resources */,
				7AA65F1F2360648400F0907C /* Main.storyboard in Resources */,
			);
			runOnlyForDeploymentPostprocessing = 0;
		};
		7AA65F282360648600F0907C /* Resources */ = {
			isa = PBXResourcesBuildPhase;
			buildActionMask = 2147483647;
			files = (
			);
			runOnlyForDeploymentPostprocessing = 0;
		};
		7AA65F332360648600F0907C /* Resources */ = {
			isa = PBXResourcesBuildPhase;
			buildActionMask = 2147483647;
			files = (
			);
			runOnlyForDeploymentPostprocessing = 0;
		};
/* End PBXResourcesBuildPhase section */

/* Begin PBXSourcesBuildPhase section */
		7AA65F102360648400F0907C /* Sources */ = {
			isa = PBXSourcesBuildPhase;
			buildActionMask = 2147483647;
			files = (
				7AA65F1C2360648400F0907C /* ViewController.swift in Sources */,
				7AA65F182360648400F0907C /* AppDelegate.swift in Sources */,
				7AA65F1A2360648400F0907C /* SceneDelegate.swift in Sources */,
			);
			runOnlyForDeploymentPostprocessing = 0;
		};
		7AA65F262360648600F0907C /* Sources */ = {
			isa = PBXSourcesBuildPhase;
			buildActionMask = 2147483647;
			files = (
				7AA65F2F2360648600F0907C /* SampleViewControllerTests.swift in Sources */,
			);
			runOnlyForDeploymentPostprocessing = 0;
		};
		7AA65F312360648600F0907C /* Sources */ = {
			isa = PBXSourcesBuildPhase;
			buildActionMask = 2147483647;
			files = (
				7AA65F3A2360648600F0907C /* SampleViewControllerUITests.swift in Sources */,
			);
			runOnlyForDeploymentPostprocessing = 0;
		};
/* End PBXSourcesBuildPhase section */

/* Begin PBXTargetDependency section */
		7AA65F2C2360648600F0907C /* PBXTargetDependency */ = {
			isa = PBXTargetDependency;
			target = 7AA65F132360648400F0907C /* SampleViewController */;
			targetProxy = 7AA65F2B2360648600F0907C /* PBXContainerItemProxy */;
		};
		7AA65F372360648600F0907C /* PBXTargetDependency */ = {
			isa = PBXTargetDependency;
			target = 7AA65F132360648400F0907C /* SampleViewController */;
			targetProxy = 7AA65F362360648600F0907C /* PBXContainerItemProxy */;
		};
/* End PBXTargetDependency section */

/* Begin PBXVariantGroup section */
		7AA65F1D2360648400F0907C /* Main.storyboard */ = {
			isa = PBXVariantGroup;
			children = (
				7AA65F1E2360648400F0907C /* Base */,
			);
			name = Main.storyboard;
			sourceTree = "<group>";
		};
		7AA65F222360648600F0907C /* LaunchScreen.storyboard */ = {
			isa = PBXVariantGroup;
			children = (
				7AA65F232360648600F0907C /* Base */,
			);
			name = LaunchScreen.storyboard;
			sourceTree = "<group>";
		};
/* End PBXVariantGroup section */

/* Begin XCBuildConfiguration section */
		7AA65F3C2360648600F0907C /* Debug */ = {
			isa = XCBuildConfiguration;
			buildSettings = {
				ALWAYS_SEARCH_USER_PATHS = NO;
				CLANG_ANALYZER_NONNULL = YES;
				CLANG_ANALYZER_NUMBER_OBJECT_CONVERSION = YES_AGGRESSIVE;
				CLANG_CXX_LANGUAGE_STANDARD = "gnu++14";
				CLANG_CXX_LIBRARY = "libc++";
				CLANG_ENABLE_MODULES = YES;
				CLANG_ENABLE_OBJC_ARC = YES;
				CLANG_ENABLE_OBJC_WEAK = YES;
				CLANG_WARN_BLOCK_CAPTURE_AUTORELEASING = YES;
				CLANG_WARN_BOOL_CONVERSION = YES;
				CLANG_WARN_COMMA = YES;
				CLANG_WARN_CONSTANT_CONVERSION = YES;
				CLANG_WARN_DEPRECATED_OBJC_IMPLEMENTATIONS = YES;
				CLANG_WARN_DIRECT_OBJC_ISA_USAGE = YES_ERROR;
				CLANG_WARN_DOCUMENTATION_COMMENTS = YES;
				CLANG_WARN_EMPTY_BODY = YES;
				CLANG_WARN_ENUM_CONVERSION = YES;
				CLANG_WARN_INFINITE_RECURSION = YES;
				CLANG_WARN_INT_CONVERSION = YES;
				CLANG_WARN_NON_LITERAL_NULL_CONVERSION = YES;
				CLANG_WARN_OBJC_IMPLICIT_RETAIN_SELF = YES;
				CLANG_WARN_OBJC_LITERAL_CONVERSION = YES;
				CLANG_WARN_OBJC_ROOT_CLASS = YES_ERROR;
				CLANG_WARN_RANGE_LOOP_ANALYSIS = YES;
				CLANG_WARN_STRICT_PROTOTYPES = YES;
				CLANG_WARN_SUSPICIOUS_MOVE = YES;
				CLANG_WARN_UNGUARDED_AVAILABILITY = YES_AGGRESSIVE;
				CLANG_WARN_UNREACHABLE_CODE = YES;
				CLANG_WARN__DUPLICATE_METHOD_MATCH = YES;
				COPY_PHASE_STRIP = NO;
				DEBUG_INFORMATION_FORMAT = dwarf;
				ENABLE_STRICT_OBJC_MSGSEND = YES;
				ENABLE_TESTABILITY = YES;
				GCC_C_LANGUAGE_STANDARD = gnu11;
				GCC_DYNAMIC_NO_PIC = NO;
				GCC_NO_COMMON_BLOCKS = YES;
				GCC_OPTIMIZATION_LEVEL = 0;
				GCC_PREPROCESSOR_DEFINITIONS = (
					"DEBUG=1",
					"$(inherited)",
				);
				GCC_WARN_64_TO_32_BIT_CONVERSION = YES;
				GCC_WARN_ABOUT_RETURN_TYPE = YES_ERROR;
				GCC_WARN_UNDECLARED_SELECTOR = YES;
				GCC_WARN_UNINITIALIZED_AUTOS = YES_AGGRESSIVE;
				GCC_WARN_UNUSED_FUNCTION = YES;
				GCC_WARN_UNUSED_VARIABLE = YES;
				IPHONEOS_DEPLOYMENT_TARGET = 13.1;
				MTL_ENABLE_DEBUG_INFO = INCLUDE_SOURCE;
				MTL_FAST_MATH = YES;
				ONLY_ACTIVE_ARCH = YES;
				SDKROOT = iphoneos;
				SWIFT_ACTIVE_COMPILATION_CONDITIONS = DEBUG;
				SWIFT_OPTIMIZATION_LEVEL = "-Onone";
			};
			name = Debug;
		};
		7AA65F3D2360648600F0907C /* Release */ = {
			isa = XCBuildConfiguration;
			buildSettings = {
				ALWAYS_SEARCH_USER_PATHS = NO;
				CLANG_ANALYZER_NONNULL = YES;
				CLANG_ANALYZER_NUMBER_OBJECT_CONVERSION = YES_AGGRESSIVE;
				CLANG_CXX_LANGUAGE_STANDARD = "gnu++14";
				CLANG_CXX_LIBRARY = "libc++";
				CLANG_ENABLE_MODULES = YES;
				CLANG_ENABLE_OBJC_ARC = YES;
				CLANG_ENABLE_OBJC_WEAK = YES;
				CLANG_WARN_BLOCK_CAPTURE_AUTORELEASING = YES;
				CLANG_WARN_BOOL_CONVERSION = YES;
				CLANG_WARN_COMMA = YES;
				CLANG_WARN_CONSTANT_CONVERSION = YES;
				CLANG_WARN_DEPRECATED_OBJC_IMPLEMENTATIONS = YES;
				CLANG_WARN_DIRECT_OBJC_ISA_USAGE = YES_ERROR;
				CLANG_WARN_DOCUMENTATION_COMMENTS = YES;
				CLANG_WARN_EMPTY_BODY = YES;
				CLANG_WARN_ENUM_CONVERSION = YES;
				CLANG_WARN_INFINITE_RECURSION = YES;
				CLANG_WARN_INT_CONVERSION = YES;
				CLANG_WARN_NON_LITERAL_NULL_CONVERSION = YES;
				CLANG_WARN_OBJC_IMPLICIT_RETAIN_SELF = YES;
				CLANG_WARN_OBJC_LITERAL_CONVERSION = YES;
				CLANG_WARN_OBJC_ROOT_CLASS = YES_ERROR;
				CLANG_WARN_RANGE_LOOP_ANALYSIS = YES;
				CLANG_WARN_STRICT_PROTOTYPES = YES;
				CLANG_WARN_SUSPICIOUS_MOVE = YES;
				CLANG_WARN_UNGUARDED_AVAILABILITY = YES_AGGRESSIVE;
				CLANG_WARN_UNREACHABLE_CODE = YES;
				CLANG_WARN__DUPLICATE_METHOD_MATCH = YES;
				COPY_PHASE_STRIP = NO;
				DEBUG_INFORMATION_FORMAT = "dwarf-with-dsym";
				ENABLE_NS_ASSERTIONS = NO;
				ENABLE_STRICT_OBJC_MSGSEND = YES;
				GCC_C_LANGUAGE_STANDARD = gnu11;
				GCC_NO_COMMON_BLOCKS = YES;
				GCC_WARN_64_TO_32_BIT_CONVERSION = YES;
				GCC_WARN_ABOUT_RETURN_TYPE = YES_ERROR;
				GCC_WARN_UNDECLARED_SELECTOR = YES;
				GCC_WARN_UNINITIALIZED_AUTOS = YES_AGGRESSIVE;
				GCC_WARN_UNUSED_FUNCTION = YES;
				GCC_WARN_UNUSED_VARIABLE = YES;
				IPHONEOS_DEPLOYMENT_TARGET = 13.1;
				MTL_ENABLE_DEBUG_INFO = NO;
				MTL_FAST_MATH = YES;
				SDKROOT = iphoneos;
				SWIFT_COMPILATION_MODE = wholemodule;
				SWIFT_OPTIMIZATION_LEVEL = "-O";
				VALIDATE_PRODUCT = YES;
			};
			name = Release;
		};
		7AA65F3F2360648600F0907C /* Debug */ = {
			isa = XCBuildConfiguration;
			buildSettings = {
				ASSETCATALOG_COMPILER_APPICON_NAME = AppIcon;
				CODE_SIGN_STYLE = Automatic;
				INFOPLIST_FILE = SampleViewController/Info.plist;
				LD_RUNPATH_SEARCH_PATHS = (
					"$(inherited)",
					"@executable_path/Frameworks",
				);
				PRODUCT_BUNDLE_IDENTIFIER = utrow.SampleViewController;
				PRODUCT_NAME = "$(TARGET_NAME)";
				SWIFT_VERSION = 5.0;
				TARGETED_DEVICE_FAMILY = "1,2";
			};
			name = Debug;
		};
		7AA65F402360648600F0907C /* Release */ = {
			isa = XCBuildConfiguration;
			buildSettings = {
				ASSETCATALOG_COMPILER_APPICON_NAME = AppIcon;
				CODE_SIGN_STYLE = Automatic;
				INFOPLIST_FILE = SampleViewController/Info.plist;
				LD_RUNPATH_SEARCH_PATHS = (
					"$(inherited)",
					"@executable_path/Frameworks",
				);
				PRODUCT_BUNDLE_IDENTIFIER = utrow.SampleViewController;
				PRODUCT_NAME = "$(TARGET_NAME)";
				SWIFT_VERSION = 5.0;
				TARGETED_DEVICE_FAMILY = "1,2";
			};
			name = Release;
		};
		7AA65F422360648600F0907C /* Debug */ = {
			isa = XCBuildConfiguration;
			buildSettings = {
				ALWAYS_EMBED_SWIFT_STANDARD_LIBRARIES = YES;
				BUNDLE_LOADER = "$(TEST_HOST)";
				CODE_SIGN_STYLE = Automatic;
				INFOPLIST_FILE = SampleViewControllerTests/Info.plist;
				IPHONEOS_DEPLOYMENT_TARGET = 13.1;
				LD_RUNPATH_SEARCH_PATHS = (
					"$(inherited)",
					"@executable_path/Frameworks",
					"@loader_path/Frameworks",
				);
				PRODUCT_BUNDLE_IDENTIFIER = utrow.SampleViewControllerTests;
				PRODUCT_NAME = "$(TARGET_NAME)";
				SWIFT_VERSION = 5.0;
				TARGETED_DEVICE_FAMILY = "1,2";
				TEST_HOST = "$(BUILT_PRODUCTS_DIR)/SampleViewController.app/SampleViewController";
			};
			name = Debug;
		};
		7AA65F432360648600F0907C /* Release */ = {
			isa = XCBuildConfiguration;
			buildSettings = {
				ALWAYS_EMBED_SWIFT_STANDARD_LIBRARIES = YES;
				BUNDLE_LOADER = "$(TEST_HOST)";
				CODE_SIGN_STYLE = Automatic;
				INFOPLIST_FILE = SampleViewControllerTests/Info.plist;
				IPHONEOS_DEPLOYMENT_TARGET = 13.1;
				LD_RUNPATH_SEARCH_PATHS = (
					"$(inherited)",
					"@executable_path/Frameworks",
					"@loader_path/Frameworks",
				);
				PRODUCT_BUNDLE_IDENTIFIER = utrow.SampleViewControllerTests;
				PRODUCT_NAME = "$(TARGET_NAME)";
				SWIFT_VERSION = 5.0;
				TARGETED_DEVICE_FAMILY = "1,2";
				TEST_HOST = "$(BUILT_PRODUCTS_DIR)/SampleViewController.app/SampleViewController";
			};
			name = Release;
		};
		7AA65F452360648600F0907C /* Debug */ = {
			isa = XCBuildConfiguration;
			buildSettings = {
				ALWAYS_EMBED_SWIFT_STANDARD_LIBRARIES = YES;
				CODE_SIGN_STYLE = Automatic;
				INFOPLIST_FILE = SampleViewControllerUITests/Info.plist;
				LD_RUNPATH_SEARCH_PATHS = (
					"$(inherited)",
					"@executable_path/Frameworks",
					"@loader_path/Frameworks",
				);
				PRODUCT_BUNDLE_IDENTIFIER = utrow.SampleViewControllerUITests;
				PRODUCT_NAME = "$(TARGET_NAME)";
				SWIFT_VERSION = 5.0;
				TARGETED_DEVICE_FAMILY = "1,2";
				TEST_TARGET_NAME = SampleViewController;
			};
			name = Debug;
		};
		7AA65F462360648600F0907C /* Release */ = {
			isa = XCBuildConfiguration;
			buildSettings = {
				ALWAYS_EMBED_SWIFT_STANDARD_LIBRARIES = YES;
				CODE_SIGN_STYLE = Automatic;
				INFOPLIST_FILE = SampleViewControllerUITests/Info.plist;
				LD_RUNPATH_SEARCH_PATHS = (
					"$(inherited)",
					"@executable_path/Frameworks",
					"@loader_path/Frameworks",
				);
				PRODUCT_BUNDLE_IDENTIFIER = utrow.SampleViewControllerUITests;
				PRODUCT_NAME = "$(TARGET_NAME)";
				SWIFT_VERSION = 5.0;
				TARGETED_DEVICE_FAMILY = "1,2";
				TEST_TARGET_NAME = SampleViewController;
			};
			name = Release;
		};
/* End XCBuildConfiguration section */

/* Begin XCConfigurationList section */
		7AA65F0F2360648400F0907C /* Build configuration list for PBXProject "SampleViewController" */ = {
			isa = XCConfigurationList;
			buildConfigurations = (
				7AA65F3C2360648600F0907C /* Debug */,
				7AA65F3D2360648600F0907C /* Release */,
			);
			defaultConfigurationIsVisible = 0;
			defaultConfigurationName = Release;
		};
		7AA65F3E2360648600F0907C /* Build configuration list for PBXNativeTarget "SampleViewController" */ = {
			isa = XCConfigurationList;
			buildConfigurations = (
				7AA65F3F2360648600F0907C /* Debug */,
				7AA65F402360648600F0907C /* Release */,
			);
			defaultConfigurationIsVisible = 0;
			defaultConfigurationName = Release;
		};
		7AA65F412360648600F0907C /* Build configuration list for PBXNativeTarget "SampleViewControllerTests" */ = {
			isa = XCConfigurationList;
			buildConfigurations = (
				7AA65F422360648600F0907C /* Debug */,
				7AA65F432360648600F0907C /* Release */,
			);
			defaultConfigurationIsVisible = 0;
			defaultConfigurationName = Release;
		};
		7AA65F442360648600F0907C /* Build configuration list for PBXNativeTarget "SampleViewControllerUITests" */ = {
			isa = XCConfigurationList;
			buildConfigurations = (
				7AA65F452360648600F0907C /* Debug */,
				7AA65F462360648600F0907C /* Release */,
			);
			defaultConfigurationIsVisible = 0;
			defaultConfigurationName = Release;
		};
/* End XCConfigurationList section */
	};
	rootObject = 7AA65F0C2360648400F0907C /* Project object */;
}
